
Microsoft Visual Studio Solution File, Format Version 12.00
# Visual Studio Version 17
VisualStudioVersion = 17.8.34330.188
MinimumVisualStudioVersion = 10.0.40219.1
Project("{F184B08F-C81C-45F6-A57F-5ABD9991F28F}") = "app", "app.vbproj", "{E3512881-6A6A-482C-82A1-A6DFB9BDE686}"
EndProject
Global
	GlobalSection(SolutionConfigurationPlatforms) = preSolution
		Debug|Any CPU = Debug|Any CPU
		Release|Any CPU = Release|Any CPU
	EndGlobalSection
	GlobalSection(ProjectConfigurationPlatforms) = postSolution
		{E3512881-6A6A-482C-82A1-A6DFB9BDE686}.Debug|Any CPU.ActiveCfg = Debug|Any CPU
		{E3512881-6A6A-482C-82A1-A6DFB9BDE686}.Debug|Any CPU.Build.0 = Debug|Any CPU
		{E3512881-6A6A-482C-82A1-A6DFB9BDE686}.Release|Any CPU.ActiveCfg = Release|Any CPU
		{E3512881-6A6A-482C-82A1-A6DFB9BDE686}.Release|Any CPU.Build.0 = Release|Any CPU
	EndGlobalSection
	GlobalSection(SolutionProperties) = preSolution
		HideSolutionNode = FALSE
	EndGlobalSection
	GlobalSection(ExtensibilityGlobals) = postSolution
		SolutionGuid = {0B9BBEBE-6217-49E4-9FDD-CD2CCB09ED7E}
	EndGlobalSection
EndGlobal
